
Microsoft Visual Studio Solution File, Format Version 12.00
# Visual Studio Version 17
VisualStudioVersion = 17.7.34221.43
MinimumVisualStudioVersion = 10.0.40219.1
Project("{9A19103F-16F7-4668-BE54-9A1E7A4F7556}") = "Zadacha1", "zadaca\Zadacha1.csproj", "{6478D60A-8313-4526-AF69-A7E49DB7C817}"
EndProject
Project("{FAE04EC0-301F-11D3-BF4B-00C04F79EFBC}") = "Zadacha2", "Zadacha2\Zadacha2.csproj", "{3179D7A4-1A33-4C9A-9147-338C9711F3A5}"
EndProject
Project("{FAE04EC0-301F-11D3-BF4B-00C04F79EFBC}") = "Zadacha3", "Zadacha3\Zadacha3.csproj", "{691695FD-170B-4E10-A0EC-09C686505467}"
EndProject
Global
	GlobalSection(SolutionConfigurationPlatforms) = preSolution
		Debug|Any CPU = Debug|Any CPU
		Release|Any CPU = Release|Any CPU
	EndGlobalSection
	GlobalSection(ProjectConfigurationPlatforms) = postSolution
		{6478D60A-8313-4526-AF69-A7E49DB7C817}.Debug|Any CPU.ActiveCfg = Debug|Any CPU
		{6478D60A-8313-4526-AF69-A7E49DB7C817}.Debug|Any CPU.Build.0 = Debug|Any CPU
		{6478D60A-8313-4526-AF69-A7E49DB7C817}.Release|Any CPU.ActiveCfg = Release|Any CPU
		{6478D60A-8313-4526-AF69-A7E49DB7C817}.Release|Any CPU.Build.0 = Release|Any CPU
		{3179D7A4-1A33-4C9A-9147-338C9711F3A5}.Debug|Any CPU.ActiveCfg = Debug|Any CPU
		{3179D7A4-1A33-4C9A-9147-338C9711F3A5}.Debug|Any CPU.Build.0 = Debug|Any CPU
		{3179D7A4-1A33-4C9A-9147-338C9711F3A5}.Release|Any CPU.ActiveCfg = Release|Any CPU
		{3179D7A4-1A33-4C9A-9147-338C9711F3A5}.Release|Any CPU.Build.0 = Release|Any CPU
		{691695FD-170B-4E10-A0EC-09C686505467}.Debug|Any CPU.ActiveCfg = Debug|Any CPU
		{691695FD-170B-4E10-A0EC-09C686505467}.Debug|Any CPU.Build.0 = Debug|Any CPU
		{691695FD-170B-4E10-A0EC-09C686505467}.Release|Any CPU.ActiveCfg = Release|Any CPU
		{691695FD-170B-4E10-A0EC-09C686505467}.Release|Any CPU.Build.0 = Release|Any CPU
	EndGlobalSection
	GlobalSection(SolutionProperties) = preSolution
		HideSolutionNode = FALSE
	EndGlobalSection
	GlobalSection(ExtensibilityGlobals) = postSolution
		SolutionGuid = {4C820A43-C4F0-423E-96EF-E93E528B4E35}
	EndGlobalSection
EndGlobal
